
Microsoft Visual Studio Solution File, Format Version 12.00
Project("{FAE04EC0-301F-11D3-BF4B-00C04F79EFBC}") = "MilsimManager", "MilsimManager\MilsimManager.csproj", "{4464D863-9D24-426F-A587-B6CFD06BDC43}"
EndProject
Global
	GlobalSection(SolutionConfigurationPlatforms) = preSolution
		Debug|Any CPU = Debug|Any CPU
		Release|Any CPU = Release|Any CPU
	EndGlobalSection
	GlobalSection(ProjectConfigurationPlatforms) = postSolution
		{4464D863-9D24-426F-A587-B6CFD06BDC43}.Debug|Any CPU.ActiveCfg = Debug|Any CPU
		{4464D863-9D24-426F-A587-B6CFD06BDC43}.Debug|Any CPU.Build.0 = Debug|Any CPU
		{4464D863-9D24-426F-A587-B6CFD06BDC43}.Release|Any CPU.ActiveCfg = Release|Any CPU
		{4464D863-9D24-426F-A587-B6CFD06BDC43}.Release|Any CPU.Build.0 = Release|Any CPU
	EndGlobalSection
EndGlobal
